
Microsoft Visual Studio Solution File, Format Version 12.00
# Visual Studio 2013
VisualStudioVersion = 12.0.30723.0
MinimumVisualStudioVersion = 10.0.40219.1
Project("{FAE04EC0-301F-11D3-BF4B-00C04F79EFBC}") = "AirMix", "AirMix\AirMix.csproj", "{7921CB2B-2C72-42FF-8F1C-767FFDA9F593}"
EndProject
Project("{8BC9CEB8-8B4A-11D0-8D11-00A0C91BC942}") = "ParallelAirMix", "Wrapper\Wrapper.vcxproj", "{D7880F97-0778-4DE6-8BB3-4BF58CF78B96}"
EndProject
Project("{FAE04EC0-301F-11D3-BF4B-00C04F79EFBC}") = "AirMixSequential", "AirMixSequential\AirMixSequential.csproj", "{A069FEB4-4A6F-42D8-8C18-AE23C04348BC}"
EndProject
Project("{8BC9CEB8-8B4A-11D0-8D11-00A0C91BC942}") = "AirMixParallel", "AirMixParallel\AirMixParallel.vcxproj", "{48B3E454-6BC3-42B7-8848-25DA2001D5D8}"
EndProject
Project("{8BC9CEB8-8B4A-11D0-8D11-00A0C91BC942}") = "OpenMP_AM", "OpenMP_AM\OpenMP_AM.vcxproj", "{BD0F990C-8925-49C7-B490-0CD1AD92620B}"
EndProject
Project("{8BC9CEB8-8B4A-11D0-8D11-00A0C91BC942}") = "CUDA_AM", "CUDA_AM\CUDA_AM.vcxproj", "{B4FD506C-1AC9-41B7-95C4-271161D55818}"
EndProject
Global
	GlobalSection(SolutionConfigurationPlatforms) = preSolution
		Debug|Any CPU = Debug|Any CPU
		Debug|Mixed Platforms = Debug|Mixed Platforms
		Debug|Win32 = Debug|Win32
		Debug|x64 = Debug|x64
		Release|Any CPU = Release|Any CPU
		Release|Mixed Platforms = Release|Mixed Platforms
		Release|Win32 = Release|Win32
		Release|x64 = Release|x64
	EndGlobalSection
	GlobalSection(ProjectConfigurationPlatforms) = postSolution
		{7921CB2B-2C72-42FF-8F1C-767FFDA9F593}.Debug|Any CPU.ActiveCfg = Debug|Any CPU
		{7921CB2B-2C72-42FF-8F1C-767FFDA9F593}.Debug|Any CPU.Build.0 = Debug|Any CPU
		{7921CB2B-2C72-42FF-8F1C-767FFDA9F593}.Debug|Mixed Platforms.ActiveCfg = Debug|Any CPU
		{7921CB2B-2C72-42FF-8F1C-767FFDA9F593}.Debug|Mixed Platforms.Build.0 = Debug|Any CPU
		{7921CB2B-2C72-42FF-8F1C-767FFDA9F593}.Debug|Win32.ActiveCfg = Debug|Any CPU
		{7921CB2B-2C72-42FF-8F1C-767FFDA9F593}.Debug|x64.ActiveCfg = Debug|Any CPU
		{7921CB2B-2C72-42FF-8F1C-767FFDA9F593}.Release|Any CPU.ActiveCfg = Release|Any CPU
		{7921CB2B-2C72-42FF-8F1C-767FFDA9F593}.Release|Any CPU.Build.0 = Release|Any CPU
		{7921CB2B-2C72-42FF-8F1C-767FFDA9F593}.Release|Mixed Platforms.ActiveCfg = Release|Any CPU
		{7921CB2B-2C72-42FF-8F1C-767FFDA9F593}.Release|Mixed Platforms.Build.0 = Release|Any CPU
		{7921CB2B-2C72-42FF-8F1C-767FFDA9F593}.Release|Win32.ActiveCfg = Release|Any CPU
		{7921CB2B-2C72-42FF-8F1C-767FFDA9F593}.Release|x64.ActiveCfg = Release|Any CPU
		{D7880F97-0778-4DE6-8BB3-4BF58CF78B96}.Debug|Any CPU.ActiveCfg = Debug|Win32
		{D7880F97-0778-4DE6-8BB3-4BF58CF78B96}.Debug|Mixed Platforms.ActiveCfg = Debug|Win32
		{D7880F97-0778-4DE6-8BB3-4BF58CF78B96}.Debug|Mixed Platforms.Build.0 = Debug|Win32
		{D7880F97-0778-4DE6-8BB3-4BF58CF78B96}.Debug|Win32.ActiveCfg = Debug|Win32
		{D7880F97-0778-4DE6-8BB3-4BF58CF78B96}.Debug|Win32.Build.0 = Debug|Win32
		{D7880F97-0778-4DE6-8BB3-4BF58CF78B96}.Debug|x64.ActiveCfg = Debug|Win32
		{D7880F97-0778-4DE6-8BB3-4BF58CF78B96}.Release|Any CPU.ActiveCfg = Release|Win32
		{D7880F97-0778-4DE6-8BB3-4BF58CF78B96}.Release|Mixed Platforms.ActiveCfg = Release|Win32
		{D7880F97-0778-4DE6-8BB3-4BF58CF78B96}.Release|Mixed Platforms.Build.0 = Release|Win32
		{D7880F97-0778-4DE6-8BB3-4BF58CF78B96}.Release|Win32.ActiveCfg = Release|Win32
		{D7880F97-0778-4DE6-8BB3-4BF58CF78B96}.Release|Win32.Build.0 = Release|Win32
		{D7880F97-0778-4DE6-8BB3-4BF58CF78B96}.Release|x64.ActiveCfg = Release|Win32
		{A069FEB4-4A6F-42D8-8C18-AE23C04348BC}.Debug|Any CPU.ActiveCfg = Debug|Any CPU
		{A069FEB4-4A6F-42D8-8C18-AE23C04348BC}.Debug|Any CPU.Build.0 = Debug|Any CPU
		{A069FEB4-4A6F-42D8-8C18-AE23C04348BC}.Debug|Mixed Platforms.ActiveCfg = Debug|Any CPU
		{A069FEB4-4A6F-42D8-8C18-AE23C04348BC}.Debug|Mixed Platforms.Build.0 = Debug|Any CPU
		{A069FEB4-4A6F-42D8-8C18-AE23C04348BC}.Debug|Win32.ActiveCfg = Debug|Any CPU
		{A069FEB4-4A6F-42D8-8C18-AE23C04348BC}.Debug|x64.ActiveCfg = Debug|Any CPU
		{A069FEB4-4A6F-42D8-8C18-AE23C04348BC}.Release|Any CPU.ActiveCfg = Release|Any CPU
		{A069FEB4-4A6F-42D8-8C18-AE23C04348BC}.Release|Any CPU.Build.0 = Release|Any CPU
		{A069FEB4-4A6F-42D8-8C18-AE23C04348BC}.Release|Mixed Platforms.ActiveCfg = Release|Any CPU
		{A069FEB4-4A6F-42D8-8C18-AE23C04348BC}.Release|Mixed Platforms.Build.0 = Release|Any CPU
		{A069FEB4-4A6F-42D8-8C18-AE23C04348BC}.Release|Win32.ActiveCfg = Release|Any CPU
		{A069FEB4-4A6F-42D8-8C18-AE23C04348BC}.Release|x64.ActiveCfg = Release|Any CPU
		{48B3E454-6BC3-42B7-8848-25DA2001D5D8}.Debug|Any CPU.ActiveCfg = Debug|Win32
		{48B3E454-6BC3-42B7-8848-25DA2001D5D8}.Debug|Mixed Platforms.ActiveCfg = Debug|Win32
		{48B3E454-6BC3-42B7-8848-25DA2001D5D8}.Debug|Mixed Platforms.Build.0 = Debug|Win32
		{48B3E454-6BC3-42B7-8848-25DA2001D5D8}.Debug|Win32.ActiveCfg = Debug|Win32
		{48B3E454-6BC3-42B7-8848-25DA2001D5D8}.Debug|Win32.Build.0 = Debug|Win32
		{48B3E454-6BC3-42B7-8848-25DA2001D5D8}.Debug|x64.ActiveCfg = Debug|Win32
		{48B3E454-6BC3-42B7-8848-25DA2001D5D8}.Release|Any CPU.ActiveCfg = Release|Win32
		{48B3E454-6BC3-42B7-8848-25DA2001D5D8}.Release|Mixed Platforms.ActiveCfg = Release|Win32
		{48B3E454-6BC3-42B7-8848-25DA2001D5D8}.Release|Mixed Platforms.Build.0 = Release|Win32
		{48B3E454-6BC3-42B7-8848-25DA2001D5D8}.Release|Win32.ActiveCfg = Release|Win32
		{48B3E454-6BC3-42B7-8848-25DA2001D5D8}.Release|Win32.Build.0 = Release|Win32
		{48B3E454-6BC3-42B7-8848-25DA2001D5D8}.Release|x64.ActiveCfg = Release|Win32
		{BD0F990C-8925-49C7-B490-0CD1AD92620B}.Debug|Any CPU.ActiveCfg = Debug|Win32
		{BD0F990C-8925-49C7-B490-0CD1AD92620B}.Debug|Mixed Platforms.ActiveCfg = Debug|Win32
		{BD0F990C-8925-49C7-B490-0CD1AD92620B}.Debug|Mixed Platforms.Build.0 = Debug|Win32
		{BD0F990C-8925-49C7-B490-0CD1AD92620B}.Debug|Win32.ActiveCfg = Debug|Win32
		{BD0F990C-8925-49C7-B490-0CD1AD92620B}.Debug|Win32.Build.0 = Debug|Win32
		{BD0F990C-8925-49C7-B490-0CD1AD92620B}.Debug|x64.ActiveCfg = Debug|Win32
		{BD0F990C-8925-49C7-B490-0CD1AD92620B}.Release|Any CPU.ActiveCfg = Release|Win32
		{BD0F990C-8925-49C7-B490-0CD1AD92620B}.Release|Mixed Platforms.ActiveCfg = Release|Win32
		{BD0F990C-8925-49C7-B490-0CD1AD92620B}.Release|Mixed Platforms.Build.0 = Release|Win32
		{BD0F990C-8925-49C7-B490-0CD1AD92620B}.Release|Win32.ActiveCfg = Release|Win32
		{BD0F990C-8925-49C7-B490-0CD1AD92620B}.Release|Win32.Build.0 = Release|Win32
		{BD0F990C-8925-49C7-B490-0CD1AD92620B}.Release|x64.ActiveCfg = Release|Win32
		{B4FD506C-1AC9-41B7-95C4-271161D55818}.Debug|Any CPU.ActiveCfg = Debug|Win32
		{B4FD506C-1AC9-41B7-95C4-271161D55818}.Debug|Mixed Platforms.ActiveCfg = Debug|Win32
		{B4FD506C-1AC9-41B7-95C4-271161D55818}.Debug|Mixed Platforms.Build.0 = Debug|Win32
		{B4FD506C-1AC9-41B7-95C4-271161D55818}.Debug|Win32.ActiveCfg = Debug|Win32
		{B4FD506C-1AC9-41B7-95C4-271161D55818}.Debug|Win32.Build.0 = Debug|Win32
		{B4FD506C-1AC9-41B7-95C4-271161D55818}.Debug|x64.ActiveCfg = Debug|x64
		{B4FD506C-1AC9-41B7-95C4-271161D55818}.Debug|x64.Build.0 = Debug|x64
		{B4FD506C-1AC9-41B7-95C4-271161D55818}.Release|Any CPU.ActiveCfg = Release|Win32
		{B4FD506C-1AC9-41B7-95C4-271161D55818}.Release|Mixed Platforms.ActiveCfg = Release|Win32
		{B4FD506C-1AC9-41B7-95C4-271161D55818}.Release|Mixed Platforms.Build.0 = Release|Win32
		{B4FD506C-1AC9-41B7-95C4-271161D55818}.Release|Win32.ActiveCfg = Release|Win32
		{B4FD506C-1AC9-41B7-95C4-271161D55818}.Release|Win32.Build.0 = Release|Win32
		{B4FD506C-1AC9-41B7-95C4-271161D55818}.Release|x64.ActiveCfg = Release|x64
		{B4FD506C-1AC9-41B7-95C4-271161D55818}.Release|x64.Build.0 = Release|x64
	EndGlobalSection
	GlobalSection(SolutionProperties) = preSolution
		HideSolutionNode = FALSE
	EndGlobalSection
EndGlobal
